
Microsoft Visual Studio Solution File, Format Version 12.00
# Visual Studio Version 17
VisualStudioVersion = 17.9.34902.65
MinimumVisualStudioVersion = 10.0.40219.1
Project("{FAE04EC0-301F-11D3-BF4B-00C04F79EFBC}") = "PhotoUploader", "PhotoUploader\PhotoUploader.csproj", "{C02B2A4B-5B18-4808-B346-082284CC4191}"
EndProject
Global
	GlobalSection(SolutionConfigurationPlatforms) = preSolution
		Debug|Any CPU = Debug|Any CPU
		Release|Any CPU = Release|Any CPU
	EndGlobalSection
	GlobalSection(ProjectConfigurationPlatforms) = postSolution
		{C02B2A4B-5B18-4808-B346-082284CC4191}.Debug|Any CPU.ActiveCfg = Debug|Any CPU
		{C02B2A4B-5B18-4808-B346-082284CC4191}.Debug|Any CPU.Build.0 = Debug|Any CPU
		{C02B2A4B-5B18-4808-B346-082284CC4191}.Release|Any CPU.ActiveCfg = Release|Any CPU
		{C02B2A4B-5B18-4808-B346-082284CC4191}.Release|Any CPU.Build.0 = Release|Any CPU
	EndGlobalSection
	GlobalSection(SolutionProperties) = preSolution
		HideSolutionNode = FALSE
	EndGlobalSection
	GlobalSection(ExtensibilityGlobals) = postSolution
		SolutionGuid = {CD5086AD-D595-4745-A289-EA396C15A313}
	EndGlobalSection
EndGlobal
